// !$*UTF8*$!
{
	archiveVersion = 1;
	classes = {
	};
	objectVersion = 50;
	objects = {

/* Begin PBXBuildFile section */
		2C489A0A226183A9002DDFAD /* AppDelegate.swift in Sources */ = {isa = PBXBuildFile; fileRef = 2C489A09226183A9002DDFAD /* AppDelegate.swift */; };
		2C489A0C226183A9002DDFAD /* ViewController.swift in Sources */ = {isa = PBXBuildFile; fileRef = 2C489A0B226183A9002DDFAD /* ViewController.swift */; };
		2C489A0F226183A9002DDFAD /* Main.storyboard in Resources */ = {isa = PBXBuildFile; fileRef = 2C489A0D226183A9002DDFAD /* Main.storyboard */; };
		2C489A11226183AA002DDFAD /* Assets.xcassets in Resources */ = {isa = PBXBuildFile; fileRef = 2C489A10226183AA002DDFAD /* Assets.xcassets */; };
		2C489A14226183AA002DDFAD /* LaunchScreen.storyboard in Resources */ = {isa = PBXBuildFile; fileRef = 2C489A12226183AA002DDFAD /* LaunchScreen.storyboard */; };
		2C489A1F226183AA002DDFAD /* JYQC_SWIFTTests.swift in Sources */ = {isa = PBXBuildFile; fileRef = 2C489A1E226183AA002DDFAD /* JYQC_SWIFTTests.swift */; };
		2C489A2A226183AA002DDFAD /* JYQC_SWIFTUITests.swift in Sources */ = {isa = PBXBuildFile; fileRef = 2C489A29226183AA002DDFAD /* JYQC_SWIFTUITests.swift */; };
/* End PBXBuildFile section */

/* Begin PBXContainerItemProxy section */
		2C489A1B226183AA002DDFAD /* PBXContainerItemProxy */ = {
			isa = PBXContainerItemProxy;
			containerPortal = 2C4899FE226183A9002DDFAD /* Project object */;
			proxyType = 1;
			remoteGlobalIDString = 2C489A05226183A9002DDFAD;
			remoteInfo = JYQC_SWIFT;
		};
		2C489A26226183AA002DDFAD /* PBXContainerItemProxy */ = {
			isa = PBXContainerItemProxy;
			containerPortal = 2C4899FE226183A9002DDFAD /* Project object */;
			proxyType = 1;
			remoteGlobalIDString = 2C489A05226183A9002DDFAD;
			remoteInfo = JYQC_SWIFT;
		};
/* End PBXContainerItemProxy section */

/* Begin PBXFileReference section */
		2C489A06226183A9002DDFAD /* JYQC_SWIFT.app */ = {isa = PBXFileReference; explicitFileType = wrapper.application; includeInIndex = 0; path = JYQC_SWIFT.app; sourceTree = BUILT_PRODUCTS_DIR; };
		2C489A09226183A9002DDFAD /* AppDelegate.swift */ = {isa = PBXFileReference; lastKnownFileType = sourcecode.swift; path = AppDelegate.swift; sourceTree = "<group>"; };
		2C489A0B226183A9002DDFAD /* ViewController.swift */ = {isa = PBXFileReference; lastKnownFileType = sourcecode.swift; path = ViewController.swift; sourceTree = "<group>"; };
		2C489A0E226183A9002DDFAD /* Base */ = {isa = PBXFileReference; lastKnownFileType = file.storyboard; name = Base; path = Base.lproj/Main.storyboard; sourceTree = "<group>"; };
		2C489A10226183AA002DDFAD /* Assets.xcassets */ = {isa = PBXFileReference; lastKnownFileType = folder.assetcatalog; path = Assets.xcassets; sourceTree = "<group>"; };
		2C489A13226183AA002DDFAD /* Base */ = {isa = PBXFileReference; lastKnownFileType = file.storyboard; name = Base; path = Base.lproj/LaunchScreen.storyboard; sourceTree = "<group>"; };
		2C489A15226183AA002DDFAD /* Info.plist */ = {isa = PBXFileReference; lastKnownFileType = text.plist.xml; path = Info.plist; sourceTree = "<group>"; };
		2C489A1A226183AA002DDFAD /* JYQC_SWIFTTests.xctest */ = {isa = PBXFileReference; explicitFileType = wrapper.cfbundle; includeInIndex = 0; path = JYQC_SWIFTTests.xctest; sourceTree = BUILT_PRODUCTS_DIR; };
		2C489A1E226183AA002DDFAD /* JYQC_SWIFTTests.swift */ = {isa = PBXFileReference; lastKnownFileType = sourcecode.swift; path = JYQC_SWIFTTests.swift; sourceTree = "<group>"; };
		2C489A20226183AA002DDFAD /* Info.plist */ = {isa = PBXFileReference; lastKnownFileType = text.plist.xml; path = Info.plist; sourceTree = "<group>"; };
		2C489A25226183AA002DDFAD /* JYQC_SWIFTUITests.xctest */ = {isa = PBXFileReference; explicitFileType = wrapper.cfbundle; includeInIndex = 0; path = JYQC_SWIFTUITests.xctest; sourceTree = BUILT_PRODUCTS_DIR; };
		2C489A29226183AA002DDFAD /* JYQC_SWIFTUITests.swift */ = {isa = PBXFileReference; lastKnownFileType = sourcecode.swift; path = JYQC_SWIFTUITests.swift; sourceTree = "<group>"; };
		2C489A2B226183AA002DDFAD /* Info.plist */ = {isa = PBXFileReference; lastKnownFileType = text.plist.xml; path = Info.plist; sourceTree = "<group>"; };
/* End PBXFileReference section */

/* Begin PBXFrameworksBuildPhase section */
		2C489A03226183A9002DDFAD /* Frameworks */ = {
			isa = PBXFrameworksBuildPhase;
			buildActionMask = 2147483647;
			files = (
			);
			runOnlyForDeploymentPostprocessing = 0;
		};
		2C489A17226183AA002DDFAD /* Frameworks */ = {
			isa = PBXFrameworksBuildPhase;
			buildActionMask = 2147483647;
			files = (
			);
			runOnlyForDeploymentPostprocessing = 0;
		};
		2C489A22226183AA002DDFAD /* Frameworks */ = {
			isa = PBXFrameworksBuildPhase;
			buildActionMask = 2147483647;
			files = (
			);
			runOnlyForDeploymentPostprocessing = 0;
		};
/* End PBXFrameworksBuildPhase section */

/* Begin PBXGroup section */
		2C4899FD226183A9002DDFAD = {
			isa = PBXGroup;
			children = (
				2C489A08226183A9002DDFAD /* JYQC_SWIFT */,
				2C489A1D226183AA002DDFAD /* JYQC_SWIFTTests */,
				2C489A28226183AA002DDFAD /* JYQC_SWIFTUITests */,
				2C489A07226183A9002DDFAD /* Products */,
			);
			sourceTree = "<group>";
		};
		2C489A07226183A9002DDFAD /* Products */ = {
			isa = PBXGroup;
			children = (
				2C489A06226183A9002DDFAD /* JYQC_SWIFT.app */,
				2C489A1A226183AA002DDFAD /* JYQC_SWIFTTests.xctest */,
				2C489A25226183AA002DDFAD /* JYQC_SWIFTUITests.xctest */,
			);
			name = Products;
			sourceTree = "<group>";
		};
		2C489A08226183A9002DDFAD /* JYQC_SWIFT */ = {
			isa = PBXGroup;
			children = (
				2C489A09226183A9002DDFAD /* AppDelegate.swift */,
				2C489A0B226183A9002DDFAD /* ViewController.swift */,
				2C489A0D226183A9002DDFAD /* Main.storyboard */,
				2C489A10226183AA002DDFAD /* Assets.xcassets */,
				2C489A12226183AA002DDFAD /* LaunchScreen.storyboard */,
				2C489A15226183AA002DDFAD /* Info.plist */,
			);
			path = JYQC_SWIFT;
			sourceTree = "<group>";
		};
		2C489A1D226183AA002DDFAD /* JYQC_SWIFTTests */ = {
			isa = PBXGroup;
			children = (
				2C489A1E226183AA002DDFAD /* JYQC_SWIFTTests.swift */,
				2C489A20226183AA002DDFAD /* Info.plist */,
			);
			path = JYQC_SWIFTTests;
			sourceTree = "<group>";
		};
		2C489A28226183AA002DDFAD /* JYQC_SWIFTUITests */ = {
			isa = PBXGroup;
			children = (
				2C489A29226183AA002DDFAD /* JYQC_SWIFTUITests.swift */,
				2C489A2B226183AA002DDFAD /* Info.plist */,
			);
			path = JYQC_SWIFTUITests;
			sourceTree = "<group>";
		};
/* End PBXGroup section */

/* Begin PBXNativeTarget section */
		2C489A05226183A9002DDFAD /* JYQC_SWIFT */ = {
			isa = PBXNativeTarget;
			buildConfigurationList = 2C489A2E226183AA002DDFAD /* Build configuration list for PBXNativeTarget "JYQC_SWIFT" */;
			buildPhases = (
				2C489A02226183A9002DDFAD /* Sources */,
				2C489A03226183A9002DDFAD /* Frameworks */,
				2C489A04226183A9002DDFAD /* Resources */,
			);
			buildRules = (
			);
			dependencies = (
			);
			name = JYQC_SWIFT;
			productName = JYQC_SWIFT;
			productReference = 2C489A06226183A9002DDFAD /* JYQC_SWIFT.app */;
			productType = "com.apple.product-type.application";
		};
		2C489A19226183AA002DDFAD /* JYQC_SWIFTTests */ = {
			isa = PBXNativeTarget;
			buildConfigurationList = 2C489A31226183AA002DDFAD /* Build configuration list for PBXNativeTarget "JYQC_SWIFTTests" */;
			buildPhases = (
				2C489A16226183AA002DDFAD /* Sources */,
				2C489A17226183AA002DDFAD /* Frameworks */,
				2C489A18226183AA002DDFAD /* Resources */,
			);
			buildRules = (
			);
			dependencies = (
				2C489A1C226183AA002DDFAD /* PBXTargetDependency */,
			);
			name = JYQC_SWIFTTests;
			productName = JYQC_SWIFTTests;
			productReference = 2C489A1A226183AA002DDFAD /* JYQC_SWIFTTests.xctest */;
			productType = "com.apple.product-type.bundle.unit-test";
		};
		2C489A24226183AA002DDFAD /* JYQC_SWIFTUITests */ = {
			isa = PBXNativeTarget;
			buildConfigurationList = 2C489A34226183AA002DDFAD /* Build configuration list for PBXNativeTarget "JYQC_SWIFTUITests" */;
			buildPhases = (
				2C489A21226183AA002DDFAD /* Sources */,
				2C489A22226183AA002DDFAD /* Frameworks */,
				2C489A23226183AA002DDFAD /* Resources */,
			);
			buildRules = (
			);
			dependencies = (
				2C489A27226183AA002DDFAD /* PBXTargetDependency */,
			);
			name = JYQC_SWIFTUITests;
			productName = JYQC_SWIFTUITests;
			productReference = 2C489A25226183AA002DDFAD /* JYQC_SWIFTUITests.xctest */;
			productType = "com.apple.product-type.bundle.ui-testing";
		};
/* End PBXNativeTarget section */

/* Begin PBXProject section */
		2C4899FE226183A9002DDFAD /* Project object */ = {
			isa = PBXProject;
			attributes = {
				LastSwiftUpdateCheck = 1020;
				LastUpgradeCheck = 1020;
				ORGANIZATIONNAME = HZM;
				TargetAttributes = {
					2C489A05226183A9002DDFAD = {
						CreatedOnToolsVersion = 10.2;
					};
					2C489A19226183AA002DDFAD = {
						CreatedOnToolsVersion = 10.2;
						TestTargetID = 2C489A05226183A9002DDFAD;
					};
					2C489A24226183AA002DDFAD = {
						CreatedOnToolsVersion = 10.2;
						TestTargetID = 2C489A05226183A9002DDFAD;
					};
				};
			};
			buildConfigurationList = 2C489A01226183A9002DDFAD /* Build configuration list for PBXProject "JYQC_SWIFT" */;
			compatibilityVersion = "Xcode 9.3";
			developmentRegion = en;
			hasScannedForEncodings = 0;
			knownRegions = (
				en,
				Base,
			);
			mainGroup = 2C4899FD226183A9002DDFAD;
			productRefGroup = 2C489A07226183A9002DDFAD /* Products */;
			projectDirPath = "";
			projectRoot = "";
			targets = (
				2C489A05226183A9002DDFAD /* JYQC_SWIFT */,
				2C489A19226183AA002DDFAD /* JYQC_SWIFTTests */,
				2C489A24226183AA002DDFAD /* JYQC_SWIFTUITests */,
			);
		};
/* End PBXProject section */

/* Begin PBXResourcesBuildPhase section */
		2C489A04226183A9002DDFAD /* Resources */ = {
			isa = PBXResourcesBuildPhase;
			buildActionMask = 2147483647;
			files = (
				2C489A14226183AA002DDFAD /* LaunchScreen.storyboard in Resources */,
				2C489A11226183AA002DDFAD /* Assets.xcassets in Resources */,
				2C489A0F226183A9002DDFAD /* Main.storyboard in Resources */,
			);
			runOnlyForDeploymentPostprocessing = 0;
		};
		2C489A18226183AA002DDFAD /* Resources */ = {
			isa = PBXResourcesBuildPhase;
			buildActionMask = 2147483647;
			files = (
			);
			runOnlyForDeploymentPostprocessing = 0;
		};
		2C489A23226183AA002DDFAD /* Resources */ = {
			isa = PBXResourcesBuildPhase;
			buildActionMask = 2147483647;
			files = (
			);
			runOnlyForDeploymentPostprocessing = 0;
		};
/* End PBXResourcesBuildPhase section */

/* Begin PBXSourcesBuildPhase section */
		2C489A02226183A9002DDFAD /* Sources */ = {
			isa = PBXSourcesBuildPhase;
			buildActionMask = 2147483647;
			files = (
				2C489A0C226183A9002DDFAD /* ViewController.swift in Sources */,
				2C489A0A226183A9002DDFAD /* AppDelegate.swift in Sources */,
			);
			runOnlyForDeploymentPostprocessing = 0;
		};
		2C489A16226183AA002DDFAD /* Sources */ = {
			isa = PBXSourcesBuildPhase;
			buildActionMask = 2147483647;
			files = (
				2C489A1F226183AA002DDFAD /* JYQC_SWIFTTests.swift in Sources */,
			);
			runOnlyForDeploymentPostprocessing = 0;
		};
		2C489A21226183AA002DDFAD /* Sources */ = {
			isa = PBXSourcesBuildPhase;
			buildActionMask = 2147483647;
			files = (
				2C489A2A226183AA002DDFAD /* JYQC_SWIFTUITests.swift in Sources */,
			);
			runOnlyForDeploymentPostprocessing = 0;
		};
/* End PBXSourcesBuildPhase section */

/* Begin PBXTargetDependency section */
		2C489A1C226183AA002DDFAD /* PBXTargetDependency */ = {
			isa = PBXTargetDependency;
			target = 2C489A05226183A9002DDFAD /* JYQC_SWIFT */;
			targetProxy = 2C489A1B226183AA002DDFAD /* PBXContainerItemProxy */;
		};
		2C489A27226183AA002DDFAD /* PBXTargetDependency */ = {
			isa = PBXTargetDependency;
			target = 2C489A05226183A9002DDFAD /* JYQC_SWIFT */;
			targetProxy = 2C489A26226183AA002DDFAD /* PBXContainerItemProxy */;
		};
/* End PBXTargetDependency section */

/* Begin PBXVariantGroup section */
		2C489A0D226183A9002DDFAD /* Main.storyboard */ = {
			isa = PBXVariantGroup;
			children = (
				2C489A0E226183A9002DDFAD /* Base */,
			);
			name = Main.storyboard;
			sourceTree = "<group>";
		};
		2C489A12226183AA002DDFAD /* LaunchScreen.storyboard */ = {
			isa = PBXVariantGroup;
			children = (
				2C489A13226183AA002DDFAD /* Base */,
			);
			name = LaunchScreen.storyboard;
			sourceTree = "<group>";
		};
/* End PBXVariantGroup section */

/* Begin XCBuildConfiguration section */
		2C489A2C226183AA002DDFAD /* Debug */ = {
			isa = XCBuildConfiguration;
			buildSettings = {
				ALWAYS_SEARCH_USER_PATHS = NO;
				CLANG_ANALYZER_NONNULL = YES;
				CLANG_ANALYZER_NUMBER_OBJECT_CONVERSION = YES_AGGRESSIVE;
				CLANG_CXX_LANGUAGE_STANDARD = "gnu++14";
				CLANG_CXX_LIBRARY = "libc++";
				CLANG_ENABLE_MODULES = YES;
				CLANG_ENABLE_OBJC_ARC = YES;
				CLANG_ENABLE_OBJC_WEAK = YES;
				CLANG_WARN_BLOCK_CAPTURE_AUTORELEASING = YES;
				CLANG_WARN_BOOL_CONVERSION = YES;
				CLANG_WARN_COMMA = YES;
				CLANG_WARN_CONSTANT_CONVERSION = YES;
				CLANG_WARN_DEPRECATED_OBJC_IMPLEMENTATIONS = YES;
				CLANG_WARN_DIRECT_OBJC_ISA_USAGE = YES_ERROR;
				CLANG_WARN_DOCUMENTATION_COMMENTS = YES;
				CLANG_WARN_EMPTY_BODY = YES;
				CLANG_WARN_ENUM_CONVERSION = YES;
				CLANG_WARN_INFINITE_RECURSION = YES;
				CLANG_WARN_INT_CONVERSION = YES;
				CLANG_WARN_NON_LITERAL_NULL_CONVERSION = YES;
				CLANG_WARN_OBJC_IMPLICIT_RETAIN_SELF = YES;
				CLANG_WARN_OBJC_LITERAL_CONVERSION = YES;
				CLANG_WARN_OBJC_ROOT_CLASS = YES_ERROR;
				CLANG_WARN_RANGE_LOOP_ANALYSIS = YES;
				CLANG_WARN_STRICT_PROTOTYPES = YES;
				CLANG_WARN_SUSPICIOUS_MOVE = YES;
				CLANG_WARN_UNGUARDED_AVAILABILITY = YES_AGGRESSIVE;
				CLANG_WARN_UNREACHABLE_CODE = YES;
				CLANG_WARN__DUPLICATE_METHOD_MATCH = YES;
				CODE_SIGN_IDENTITY = "iPhone Developer";
				COPY_PHASE_STRIP = NO;
				DEBUG_INFORMATION_FORMAT = dwarf;
				ENABLE_STRICT_OBJC_MSGSEND = YES;
				ENABLE_TESTABILITY = YES;
				GCC_C_LANGUAGE_STANDARD = gnu11;
				GCC_DYNAMIC_NO_PIC = NO;
				GCC_NO_COMMON_BLOCKS = YES;
				GCC_OPTIMIZATION_LEVEL = 0;
				GCC_PREPROCESSOR_DEFINITIONS = (
					"DEBUG=1",
					"$(inherited)",
				);
				GCC_WARN_64_TO_32_BIT_CONVERSION = YES;
				GCC_WARN_ABOUT_RETURN_TYPE = YES_ERROR;
				GCC_WARN_UNDECLARED_SELECTOR = YES;
				GCC_WARN_UNINITIALIZED_AUTOS = YES_AGGRESSIVE;
				GCC_WARN_UNUSED_FUNCTION = YES;
				GCC_WARN_UNUSED_VARIABLE = YES;
				IPHONEOS_DEPLOYMENT_TARGET = 12.2;
				MTL_ENABLE_DEBUG_INFO = INCLUDE_SOURCE;
				MTL_FAST_MATH = YES;
				ONLY_ACTIVE_ARCH = YES;
				SDKROOT = iphoneos;
				SWIFT_ACTIVE_COMPILATION_CONDITIONS = DEBUG;
				SWIFT_OPTIMIZATION_LEVEL = "-Onone";
			};
			name = Debug;
		};
		2C489A2D226183AA002DDFAD /* Release */ = {
			isa = XCBuildConfiguration;
			buildSettings = {
				ALWAYS_SEARCH_USER_PATHS = NO;
				CLANG_ANALYZER_NONNULL = YES;
				CLANG_ANALYZER_NUMBER_OBJECT_CONVERSION = YES_AGGRESSIVE;
				CLANG_CXX_LANGUAGE_STANDARD = "gnu++14";
				CLANG_CXX_LIBRARY = "libc++";
				CLANG_ENABLE_MODULES = YES;
				CLANG_ENABLE_OBJC_ARC = YES;
				CLANG_ENABLE_OBJC_WEAK = YES;
				CLANG_WARN_BLOCK_CAPTURE_AUTORELEASING = YES;
				CLANG_WARN_BOOL_CONVERSION = YES;
				CLANG_WARN_COMMA = YES;
				CLANG_WARN_CONSTANT_CONVERSION = YES;
				CLANG_WARN_DEPRECATED_OBJC_IMPLEMENTATIONS = YES;
				CLANG_WARN_DIRECT_OBJC_ISA_USAGE = YES_ERROR;
				CLANG_WARN_DOCUMENTATION_COMMENTS = YES;
				CLANG_WARN_EMPTY_BODY = YES;
				CLANG_WARN_ENUM_CONVERSION = YES;
				CLANG_WARN_INFINITE_RECURSION = YES;
				CLANG_WARN_INT_CONVERSION = YES;
				CLANG_WARN_NON_LITERAL_NULL_CONVERSION = YES;
				CLANG_WARN_OBJC_IMPLICIT_RETAIN_SELF = YES;
				CLANG_WARN_OBJC_LITERAL_CONVERSION = YES;
				CLANG_WARN_OBJC_ROOT_CLASS = YES_ERROR;
				CLANG_WARN_RANGE_LOOP_ANALYSIS = YES;
				CLANG_WARN_STRICT_PROTOTYPES = YES;
				CLANG_WARN_SUSPICIOUS_MOVE = YES;
				CLANG_WARN_UNGUARDED_AVAILABILITY = YES_AGGRESSIVE;
				CLANG_WARN_UNREACHABLE_CODE = YES;
				CLANG_WARN__DUPLICATE_METHOD_MATCH = YES;
				CODE_SIGN_IDENTITY = "iPhone Developer";
				COPY_PHASE_STRIP = NO;
				DEBUG_INFORMATION_FORMAT = "dwarf-with-dsym";
				ENABLE_NS_ASSERTIONS = NO;
				ENABLE_STRICT_OBJC_MSGSEND = YES;
				GCC_C_LANGUAGE_STANDARD = gnu11;
				GCC_NO_COMMON_BLOCKS = YES;
				GCC_WARN_64_TO_32_BIT_CONVERSION = YES;
				GCC_WARN_ABOUT_RETURN_TYPE = YES_ERROR;
				GCC_WARN_UNDECLARED_SELECTOR = YES;
				GCC_WARN_UNINITIALIZED_AUTOS = YES_AGGRESSIVE;
				GCC_WARN_UNUSED_FUNCTION = YES;
				GCC_WARN_UNUSED_VARIABLE = YES;
				IPHONEOS_DEPLOYMENT_TARGET = 12.2;
				MTL_ENABLE_DEBUG_INFO = NO;
				MTL_FAST_MATH = YES;
				SDKROOT = iphoneos;
				SWIFT_COMPILATION_MODE = wholemodule;
				SWIFT_OPTIMIZATION_LEVEL = "-O";
				VALIDATE_PRODUCT = YES;
			};
			name = Release;
		};
		2C489A2F226183AA002DDFAD /* Debug */ = {
			isa = XCBuildConfiguration;
			buildSettings = {
				ASSETCATALOG_COMPILER_APPICON_NAME = AppIcon;
				CODE_SIGN_STYLE = Automatic;
				DEVELOPMENT_TEAM = H6BFZZ9AS5;
				INFOPLIST_FILE = JYQC_SWIFT/Info.plist;
				LD_RUNPATH_SEARCH_PATHS = (
					"$(inherited)",
					"@executable_path/Frameworks",
				);
				PRODUCT_BUNDLE_IDENTIFIER = "com.itcast.JYQC-SWIFT";
				PRODUCT_NAME = "$(TARGET_NAME)";
				SWIFT_VERSION = 5.0;
				TARGETED_DEVICE_FAMILY = "1,2";
			};
			name = Debug;
		};
		2C489A30226183AA002DDFAD /* Release */ = {
			isa = XCBuildConfiguration;
			buildSettings = {
				ASSETCATALOG_COMPILER_APPICON_NAME = AppIcon;
				CODE_SIGN_STYLE = Automatic;
				DEVELOPMENT_TEAM = H6BFZZ9AS5;
				INFOPLIST_FILE = JYQC_SWIFT/Info.plist;
				LD_RUNPATH_SEARCH_PATHS = (
					"$(inherited)",
					"@executable_path/Frameworks",
				);
				PRODUCT_BUNDLE_IDENTIFIER = "com.itcast.JYQC-SWIFT";
				PRODUCT_NAME = "$(TARGET_NAME)";
				SWIFT_VERSION = 5.0;
				TARGETED_DEVICE_FAMILY = "1,2";
			};
			name = Release;
		};
		2C489A32226183AA002DDFAD /* Debug */ = {
			isa = XCBuildConfiguration;
			buildSettings = {
				ALWAYS_EMBED_SWIFT_STANDARD_LIBRARIES = YES;
				BUNDLE_LOADER = "$(TEST_HOST)";
				CODE_SIGN_STYLE = Automatic;
				DEVELOPMENT_TEAM = H6BFZZ9AS5;
				INFOPLIST_FILE = JYQC_SWIFTTests/Info.plist;
				LD_RUNPATH_SEARCH_PATHS = (
					"$(inherited)",
					"@executable_path/Frameworks",
					"@loader_path/Frameworks",
				);
				PRODUCT_BUNDLE_IDENTIFIER = "com.itcast.JYQC-SWIFTTests";
				PRODUCT_NAME = "$(TARGET_NAME)";
				SWIFT_VERSION = 5.0;
				TARGETED_DEVICE_FAMILY = "1,2";
				TEST_HOST = "$(BUILT_PRODUCTS_DIR)/JYQC_SWIFT.app/JYQC_SWIFT";
			};
			name = Debug;
		};
		2C489A33226183AA002DDFAD /* Release */ = {
			isa = XCBuildConfiguration;
			buildSettings = {
				ALWAYS_EMBED_SWIFT_STANDARD_LIBRARIES = YES;
				BUNDLE_LOADER = "$(TEST_HOST)";
				CODE_SIGN_STYLE = Automatic;
				DEVELOPMENT_TEAM = H6BFZZ9AS5;
				INFOPLIST_FILE = JYQC_SWIFTTests/Info.plist;
				LD_RUNPATH_SEARCH_PATHS = (
					"$(inherited)",
					"@executable_path/Frameworks",
					"@loader_path/Frameworks",
				);
				PRODUCT_BUNDLE_IDENTIFIER = "com.itcast.JYQC-SWIFTTests";
				PRODUCT_NAME = "$(TARGET_NAME)";
				SWIFT_VERSION = 5.0;
				TARGETED_DEVICE_FAMILY = "1,2";
				TEST_HOST = "$(BUILT_PRODUCTS_DIR)/JYQC_SWIFT.app/JYQC_SWIFT";
			};
			name = Release;
		};
		2C489A35226183AA002DDFAD /* Debug */ = {
			isa = XCBuildConfiguration;
			buildSettings = {
				ALWAYS_EMBED_SWIFT_STANDARD_LIBRARIES = YES;
				CODE_SIGN_STYLE = Automatic;
				DEVELOPMENT_TEAM = H6BFZZ9AS5;
				INFOPLIST_FILE = JYQC_SWIFTUITests/Info.plist;
				LD_RUNPATH_SEARCH_PATHS = (
					"$(inherited)",
					"@executable_path/Frameworks",
					"@loader_path/Frameworks",
				);
				PRODUCT_BUNDLE_IDENTIFIER = "com.itcast.JYQC-SWIFTUITests";
				PRODUCT_NAME = "$(TARGET_NAME)";
				SWIFT_VERSION = 5.0;
				TARGETED_DEVICE_FAMILY = "1,2";
				TEST_TARGET_NAME = JYQC_SWIFT;
			};
			name = Debug;
		};
		2C489A36226183AA002DDFAD /* Release */ = {
			isa = XCBuildConfiguration;
			buildSettings = {
				ALWAYS_EMBED_SWIFT_STANDARD_LIBRARIES = YES;
				CODE_SIGN_STYLE = Automatic;
				DEVELOPMENT_TEAM = H6BFZZ9AS5;
				INFOPLIST_FILE = JYQC_SWIFTUITests/Info.plist;
				LD_RUNPATH_SEARCH_PATHS = (
					"$(inherited)",
					"@executable_path/Frameworks",
					"@loader_path/Frameworks",
				);
				PRODUCT_BUNDLE_IDENTIFIER = "com.itcast.JYQC-SWIFTUITests";
				PRODUCT_NAME = "$(TARGET_NAME)";
				SWIFT_VERSION = 5.0;
				TARGETED_DEVICE_FAMILY = "1,2";
				TEST_TARGET_NAME = JYQC_SWIFT;
			};
			name = Release;
		};
/* End XCBuildConfiguration section */

/* Begin XCConfigurationList section */
		2C489A01226183A9002DDFAD /* Build configuration list for PBXProject "JYQC_SWIFT" */ = {
			isa = XCConfigurationList;
			buildConfigurations = (
				2C489A2C226183AA002DDFAD /* Debug */,
				2C489A2D226183AA002DDFAD /* Release */,
			);
			defaultConfigurationIsVisible = 0;
			defaultConfigurationName = Release;
		};
		2C489A2E226183AA002DDFAD /* Build configuration list for PBXNativeTarget "JYQC_SWIFT" */ = {
			isa = XCConfigurationList;
			buildConfigurations = (
				2C489A2F226183AA002DDFAD /* Debug */,
				2C489A30226183AA002DDFAD /* Release */,
			);
			defaultConfigurationIsVisible = 0;
			defaultConfigurationName = Release;
		};
		2C489A31226183AA002DDFAD /* Build configuration list for PBXNativeTarget "JYQC_SWIFTTests" */ = {
			isa = XCConfigurationList;
			buildConfigurations = (
				2C489A32226183AA002DDFAD /* Debug */,
				2C489A33226183AA002DDFAD /* Release */,
			);
			defaultConfigurationIsVisible = 0;
			defaultConfigurationName = Release;
		};
		2C489A34226183AA002DDFAD /* Build configuration list for PBXNativeTarget "JYQC_SWIFTUITests" */ = {
			isa = XCConfigurationList;
			buildConfigurations = (
				2C489A35226183AA002DDFAD /* Debug */,
				2C489A36226183AA002DDFAD /* Release */,
			);
			defaultConfigurationIsVisible = 0;
			defaultConfigurationName = Release;
		};
/* End XCConfigurationList section */
	};
	rootObject = 2C4899FE226183A9002DDFAD /* Project object */;
}
